
Microsoft Visual Studio Solution File, Format Version 12.00
# Visual Studio 2013
VisualStudioVersion = 12.0.40629.0
MinimumVisualStudioVersion = 10.0.40219.1
Project("{FAE04EC0-301F-11D3-BF4B-00C04F79EFBC}") = "SystemVueNET", "SystemVueNET\SystemVueNET.csproj", "{6E351126-2A24-4AD3-B43A-2A9A180DE3D9}"
EndProject
Project("{FAE04EC0-301F-11D3-BF4B-00C04F79EFBC}") = "QPSK_BER", "QPSK_BER\QPSK_BER.csproj", "{54C822EE-EECC-4F5A-9C7C-A34E4DA68B5C}"
EndProject
Global
	GlobalSection(SolutionConfigurationPlatforms) = preSolution
		Debug|Any CPU = Debug|Any CPU
		Release|Any CPU = Release|Any CPU
	EndGlobalSection
	GlobalSection(ProjectConfigurationPlatforms) = postSolution
		{6E351126-2A24-4AD3-B43A-2A9A180DE3D9}.Debug|Any CPU.ActiveCfg = Debug|Any CPU
		{6E351126-2A24-4AD3-B43A-2A9A180DE3D9}.Debug|Any CPU.Build.0 = Debug|Any CPU
		{6E351126-2A24-4AD3-B43A-2A9A180DE3D9}.Release|Any CPU.ActiveCfg = Release|Any CPU
		{6E351126-2A24-4AD3-B43A-2A9A180DE3D9}.Release|Any CPU.Build.0 = Release|Any CPU
		{54C822EE-EECC-4F5A-9C7C-A34E4DA68B5C}.Debug|Any CPU.ActiveCfg = Debug|Any CPU
		{54C822EE-EECC-4F5A-9C7C-A34E4DA68B5C}.Debug|Any CPU.Build.0 = Debug|Any CPU
		{54C822EE-EECC-4F5A-9C7C-A34E4DA68B5C}.Release|Any CPU.ActiveCfg = Release|Any CPU
		{54C822EE-EECC-4F5A-9C7C-A34E4DA68B5C}.Release|Any CPU.Build.0 = Release|Any CPU
	EndGlobalSection
	GlobalSection(SolutionProperties) = preSolution
		HideSolutionNode = FALSE
	EndGlobalSection
EndGlobal
